// !$*UTF8*$!
{
	archiveVersion = 1;
	classes = {
	};
	objectVersion = 56;
	objects = {

/* Begin PBXBuildFile section */
		F1442D672B36D9C600266803 /* Card1ViewController.swift in Sources */ = {isa = PBXBuildFile; fileRef = F1442D662B36D9C600266803 /* Card1ViewController.swift */; };
		F1813D562B36A3F700BD5ACE /* AppDelegate.swift in Sources */ = {isa = PBXBuildFile; fileRef = F1813D552B36A3F700BD5ACE /* AppDelegate.swift */; };
		F1813D582B36A3F700BD5ACE /* SceneDelegate.swift in Sources */ = {isa = PBXBuildFile; fileRef = F1813D572B36A3F700BD5ACE /* SceneDelegate.swift */; };
		F1813D5A2B36A3F700BD5ACE /* TrainingViewController.swift in Sources */ = {isa = PBXBuildFile; fileRef = F1813D592B36A3F700BD5ACE /* TrainingViewController.swift */; };
		F1813D5F2B36A3F800BD5ACE /* Assets.xcassets in Resources */ = {isa = PBXBuildFile; fileRef = F1813D5E2B36A3F800BD5ACE /* Assets.xcassets */; };
		F1813D622B36A3F800BD5ACE /* LaunchScreen.storyboard in Resources */ = {isa = PBXBuildFile; fileRef = F1813D602B36A3F800BD5ACE /* LaunchScreen.storyboard */; };
		F1813D722B36A56700BD5ACE /* Rubik-Bold.ttf in Resources */ = {isa = PBXBuildFile; fileRef = F1813D6A2B36A56700BD5ACE /* Rubik-Bold.ttf */; };
		F1813D732B36A56700BD5ACE /* Rubik-Light.ttf in Resources */ = {isa = PBXBuildFile; fileRef = F1813D6B2B36A56700BD5ACE /* Rubik-Light.ttf */; };
		F1813D742B36A56700BD5ACE /* Rubik-Medium.ttf in Resources */ = {isa = PBXBuildFile; fileRef = F1813D6C2B36A56700BD5ACE /* Rubik-Medium.ttf */; };
		F1813D752B36A56700BD5ACE /* Rubik-Black.ttf in Resources */ = {isa = PBXBuildFile; fileRef = F1813D6D2B36A56700BD5ACE /* Rubik-Black.ttf */; };
		F1813D762B36A56700BD5ACE /* Rubik-Italic.ttf in Resources */ = {isa = PBXBuildFile; fileRef = F1813D6E2B36A56700BD5ACE /* Rubik-Italic.ttf */; };
		F1813D772B36A56700BD5ACE /* Rubik-SemiBold.ttf in Resources */ = {isa = PBXBuildFile; fileRef = F1813D6F2B36A56700BD5ACE /* Rubik-SemiBold.ttf */; };
		F1813D782B36A56700BD5ACE /* Rubik-ExtraBold.ttf in Resources */ = {isa = PBXBuildFile; fileRef = F1813D702B36A56700BD5ACE /* Rubik-ExtraBold.ttf */; };
		F1813D792B36A56700BD5ACE /* Rubik-Regular.ttf in Resources */ = {isa = PBXBuildFile; fileRef = F1813D712B36A56700BD5ACE /* Rubik-Regular.ttf */; };
		F1813D7D2B36B4B800BD5ACE /* LevelsViewController.swift in Sources */ = {isa = PBXBuildFile; fileRef = F1813D7C2B36B4B800BD5ACE /* LevelsViewController.swift */; };
		F1813D7F2B36B50800BD5ACE /* LevelsCell.swift in Sources */ = {isa = PBXBuildFile; fileRef = F1813D7E2B36B50800BD5ACE /* LevelsCell.swift */; };
		F1813D812B36BA5D00BD5ACE /* DetailViewController.swift in Sources */ = {isa = PBXBuildFile; fileRef = F1813D802B36BA5D00BD5ACE /* DetailViewController.swift */; };
		F1813D832B36BA6300BD5ACE /* DetailInfo.swift in Sources */ = {isa = PBXBuildFile; fileRef = F1813D822B36BA6300BD5ACE /* DetailInfo.swift */; };
		F1813D852B36C13D00BD5ACE /* LoaderViewController.swift in Sources */ = {isa = PBXBuildFile; fileRef = F1813D842B36C13D00BD5ACE /* LoaderViewController.swift */; };
		F1813D872B36C68E00BD5ACE /* QuizViewController.swift in Sources */ = {isa = PBXBuildFile; fileRef = F1813D862B36C68E00BD5ACE /* QuizViewController.swift */; };
		F1813D8B2B36CAB600BD5ACE /* QuizNapoleon.swift in Sources */ = {isa = PBXBuildFile; fileRef = F1813D8A2B36CAB600BD5ACE /* QuizNapoleon.swift */; };
		F1813D8D2B36D09900BD5ACE /* CreateViewController.swift in Sources */ = {isa = PBXBuildFile; fileRef = F1813D8C2B36D09900BD5ACE /* CreateViewController.swift */; };
		F1813D8F2B36D0AE00BD5ACE /* CreateCell.swift in Sources */ = {isa = PBXBuildFile; fileRef = F1813D8E2B36D0AE00BD5ACE /* CreateCell.swift */; };
/* End PBXBuildFile section */

/* Begin PBXFileReference section */
		F1442D662B36D9C600266803 /* Card1ViewController.swift */ = {isa = PBXFileReference; lastKnownFileType = sourcecode.swift; path = Card1ViewController.swift; sourceTree = "<group>"; };
		F1813D522B36A3F700BD5ACE /* NapoleOn.app */ = {isa = PBXFileReference; explicitFileType = wrapper.application; includeInIndex = 0; path = NapoleOn.app; sourceTree = BUILT_PRODUCTS_DIR; };
		F1813D552B36A3F700BD5ACE /* AppDelegate.swift */ = {isa = PBXFileReference; lastKnownFileType = sourcecode.swift; path = AppDelegate.swift; sourceTree = "<group>"; };
		F1813D572B36A3F700BD5ACE /* SceneDelegate.swift */ = {isa = PBXFileReference; lastKnownFileType = sourcecode.swift; path = SceneDelegate.swift; sourceTree = "<group>"; };
		F1813D592B36A3F700BD5ACE /* TrainingViewController.swift */ = {isa = PBXFileReference; lastKnownFileType = sourcecode.swift; path = TrainingViewController.swift; sourceTree = "<group>"; };
		F1813D5E2B36A3F800BD5ACE /* Assets.xcassets */ = {isa = PBXFileReference; lastKnownFileType = folder.assetcatalog; path = Assets.xcassets; sourceTree = "<group>"; };
		F1813D612B36A3F800BD5ACE /* Base */ = {isa = PBXFileReference; lastKnownFileType = file.storyboard; name = Base; path = Base.lproj/LaunchScreen.storyboard; sourceTree = "<group>"; };
		F1813D632B36A3F800BD5ACE /* Info.plist */ = {isa = PBXFileReference; lastKnownFileType = text.plist.xml; path = Info.plist; sourceTree = "<group>"; };
		F1813D6A2B36A56700BD5ACE /* Rubik-Bold.ttf */ = {isa = PBXFileReference; lastKnownFileType = file; path = "Rubik-Bold.ttf"; sourceTree = "<group>"; };
		F1813D6B2B36A56700BD5ACE /* Rubik-Light.ttf */ = {isa = PBXFileReference; lastKnownFileType = file; path = "Rubik-Light.ttf"; sourceTree = "<group>"; };
		F1813D6C2B36A56700BD5ACE /* Rubik-Medium.ttf */ = {isa = PBXFileReference; lastKnownFileType = file; path = "Rubik-Medium.ttf"; sourceTree = "<group>"; };
		F1813D6D2B36A56700BD5ACE /* Rubik-Black.ttf */ = {isa = PBXFileReference; lastKnownFileType = file; path = "Rubik-Black.ttf"; sourceTree = "<group>"; };
		F1813D6E2B36A56700BD5ACE /* Rubik-Italic.ttf */ = {isa = PBXFileReference; lastKnownFileType = file; path = "Rubik-Italic.ttf"; sourceTree = "<group>"; };
		F1813D6F2B36A56700BD5ACE /* Rubik-SemiBold.ttf */ = {isa = PBXFileReference; lastKnownFileType = file; path = "Rubik-SemiBold.ttf"; sourceTree = "<group>"; };
		F1813D702B36A56700BD5ACE /* Rubik-ExtraBold.ttf */ = {isa = PBXFileReference; lastKnownFileType = file; path = "Rubik-ExtraBold.ttf"; sourceTree = "<group>"; };
		F1813D712B36A56700BD5ACE /* Rubik-Regular.ttf */ = {isa = PBXFileReference; lastKnownFileType = file; path = "Rubik-Regular.ttf"; sourceTree = "<group>"; };
		F1813D7C2B36B4B800BD5ACE /* LevelsViewController.swift */ = {isa = PBXFileReference; lastKnownFileType = sourcecode.swift; path = LevelsViewController.swift; sourceTree = "<group>"; };
		F1813D7E2B36B50800BD5ACE /* LevelsCell.swift */ = {isa = PBXFileReference; lastKnownFileType = sourcecode.swift; path = LevelsCell.swift; sourceTree = "<group>"; };
		F1813D802B36BA5D00BD5ACE /* DetailViewController.swift */ = {isa = PBXFileReference; lastKnownFileType = sourcecode.swift; path = DetailViewController.swift; sourceTree = "<group>"; };
		F1813D822B36BA6300BD5ACE /* DetailInfo.swift */ = {isa = PBXFileReference; fileEncoding = 4; lastKnownFileType = sourcecode.swift; path = DetailInfo.swift; sourceTree = "<group>"; };
		F1813D842B36C13D00BD5ACE /* LoaderViewController.swift */ = {isa = PBXFileReference; lastKnownFileType = sourcecode.swift; path = LoaderViewController.swift; sourceTree = "<group>"; };
		F1813D862B36C68E00BD5ACE /* QuizViewController.swift */ = {isa = PBXFileReference; lastKnownFileType = sourcecode.swift; path = QuizViewController.swift; sourceTree = "<group>"; };
		F1813D8A2B36CAB600BD5ACE /* QuizNapoleon.swift */ = {isa = PBXFileReference; lastKnownFileType = sourcecode.swift; path = QuizNapoleon.swift; sourceTree = "<group>"; };
		F1813D8C2B36D09900BD5ACE /* CreateViewController.swift */ = {isa = PBXFileReference; lastKnownFileType = sourcecode.swift; path = CreateViewController.swift; sourceTree = "<group>"; };
		F1813D8E2B36D0AE00BD5ACE /* CreateCell.swift */ = {isa = PBXFileReference; lastKnownFileType = sourcecode.swift; path = CreateCell.swift; sourceTree = "<group>"; };
/* End PBXFileReference section */

/* Begin PBXFrameworksBuildPhase section */
		F1813D4F2B36A3F700BD5ACE /* Frameworks */ = {
			isa = PBXFrameworksBuildPhase;
			buildActionMask = 2147483647;
			files = (
			);
			runOnlyForDeploymentPostprocessing = 0;
		};
/* End PBXFrameworksBuildPhase section */

/* Begin PBXGroup section */
		F1813D492B36A3F600BD5ACE = {
			isa = PBXGroup;
			children = (
				F1813D542B36A3F700BD5ACE /* NapoleOn */,
				F1813D532B36A3F700BD5ACE /* Products */,
			);
			sourceTree = "<group>";
		};
		F1813D532B36A3F700BD5ACE /* Products */ = {
			isa = PBXGroup;
			children = (
				F1813D522B36A3F700BD5ACE /* NapoleOn.app */,
			);
			name = Products;
			sourceTree = "<group>";
		};
		F1813D542B36A3F700BD5ACE /* NapoleOn */ = {
			isa = PBXGroup;
			children = (
				F1813D692B36A56700BD5ACE /* Rubik */,
				F1813D552B36A3F700BD5ACE /* AppDelegate.swift */,
				F1813D572B36A3F700BD5ACE /* SceneDelegate.swift */,
				F1813D842B36C13D00BD5ACE /* LoaderViewController.swift */,
				F1813D592B36A3F700BD5ACE /* TrainingViewController.swift */,
				F1813D8C2B36D09900BD5ACE /* CreateViewController.swift */,
				F1813D8E2B36D0AE00BD5ACE /* CreateCell.swift */,
				F1813D7C2B36B4B800BD5ACE /* LevelsViewController.swift */,
				F1813D7E2B36B50800BD5ACE /* LevelsCell.swift */,
				F1813D802B36BA5D00BD5ACE /* DetailViewController.swift */,
				F1813D822B36BA6300BD5ACE /* DetailInfo.swift */,
				F1813D862B36C68E00BD5ACE /* QuizViewController.swift */,
				F1813D8A2B36CAB600BD5ACE /* QuizNapoleon.swift */,
				F1442D662B36D9C600266803 /* Card1ViewController.swift */,
				F1813D5E2B36A3F800BD5ACE /* Assets.xcassets */,
				F1813D602B36A3F800BD5ACE /* LaunchScreen.storyboard */,
				F1813D632B36A3F800BD5ACE /* Info.plist */,
			);
			path = NapoleOn;
			sourceTree = "<group>";
		};
		F1813D692B36A56700BD5ACE /* Rubik */ = {
			isa = PBXGroup;
			children = (
				F1813D6A2B36A56700BD5ACE /* Rubik-Bold.ttf */,
				F1813D6B2B36A56700BD5ACE /* Rubik-Light.ttf */,
				F1813D6C2B36A56700BD5ACE /* Rubik-Medium.ttf */,
				F1813D6D2B36A56700BD5ACE /* Rubik-Black.ttf */,
				F1813D6E2B36A56700BD5ACE /* Rubik-Italic.ttf */,
				F1813D6F2B36A56700BD5ACE /* Rubik-SemiBold.ttf */,
				F1813D702B36A56700BD5ACE /* Rubik-ExtraBold.ttf */,
				F1813D712B36A56700BD5ACE /* Rubik-Regular.ttf */,
			);
			path = Rubik;
			sourceTree = "<group>";
		};
/* End PBXGroup section */

/* Begin PBXNativeTarget section */
		F1813D512B36A3F700BD5ACE /* NapoleOn */ = {
			isa = PBXNativeTarget;
			buildConfigurationList = F1813D662B36A3F800BD5ACE /* Build configuration list for PBXNativeTarget "NapoleOn" */;
			buildPhases = (
				F1813D4E2B36A3F700BD5ACE /* Sources */,
				F1813D4F2B36A3F700BD5ACE /* Frameworks */,
				F1813D502B36A3F700BD5ACE /* Resources */,
			);
			buildRules = (
			);
			dependencies = (
			);
			name = NapoleOn;
			productName = NapoleOn;
			productReference = F1813D522B36A3F700BD5ACE /* NapoleOn.app */;
			productType = "com.apple.product-type.application";
		};
/* End PBXNativeTarget section */

/* Begin PBXProject section */
		F1813D4A2B36A3F600BD5ACE /* Project object */ = {
			isa = PBXProject;
			attributes = {
				BuildIndependentTargetsInParallel = 1;
				LastSwiftUpdateCheck = 1500;
				LastUpgradeCheck = 1500;
				TargetAttributes = {
					F1813D512B36A3F700BD5ACE = {
						CreatedOnToolsVersion = 15.0.1;
					};
				};
			};
			buildConfigurationList = F1813D4D2B36A3F600BD5ACE /* Build configuration list for PBXProject "NapoleOn" */;
			compatibilityVersion = "Xcode 14.0";
			developmentRegion = en;
			hasScannedForEncodings = 0;
			knownRegions = (
				en,
				Base,
			);
			mainGroup = F1813D492B36A3F600BD5ACE;
			productRefGroup = F1813D532B36A3F700BD5ACE /* Products */;
			projectDirPath = "";
			projectRoot = "";
			targets = (
				F1813D512B36A3F700BD5ACE /* NapoleOn */,
			);
		};
/* End PBXProject section */

/* Begin PBXResourcesBuildPhase section */
		F1813D502B36A3F700BD5ACE /* Resources */ = {
			isa = PBXResourcesBuildPhase;
			buildActionMask = 2147483647;
			files = (
				F1813D752B36A56700BD5ACE /* Rubik-Black.ttf in Resources */,
				F1813D782B36A56700BD5ACE /* Rubik-ExtraBold.ttf in Resources */,
				F1813D622B36A3F800BD5ACE /* LaunchScreen.storyboard in Resources */,
				F1813D792B36A56700BD5ACE /* Rubik-Regular.ttf in Resources */,
				F1813D732B36A56700BD5ACE /* Rubik-Light.ttf in Resources */,
				F1813D722B36A56700BD5ACE /* Rubik-Bold.ttf in Resources */,
				F1813D762B36A56700BD5ACE /* Rubik-Italic.ttf in Resources */,
				F1813D5F2B36A3F800BD5ACE /* Assets.xcassets in Resources */,
				F1813D742B36A56700BD5ACE /* Rubik-Medium.ttf in Resources */,
				F1813D772B36A56700BD5ACE /* Rubik-SemiBold.ttf in Resources */,
			);
			runOnlyForDeploymentPostprocessing = 0;
		};
/* End PBXResourcesBuildPhase section */

/* Begin PBXSourcesBuildPhase section */
		F1813D4E2B36A3F700BD5ACE /* Sources */ = {
			isa = PBXSourcesBuildPhase;
			buildActionMask = 2147483647;
			files = (
				F1813D8D2B36D09900BD5ACE /* CreateViewController.swift in Sources */,
				F1813D832B36BA6300BD5ACE /* DetailInfo.swift in Sources */,
				F1813D5A2B36A3F700BD5ACE /* TrainingViewController.swift in Sources */,
				F1813D562B36A3F700BD5ACE /* AppDelegate.swift in Sources */,
				F1813D852B36C13D00BD5ACE /* LoaderViewController.swift in Sources */,
				F1813D8B2B36CAB600BD5ACE /* QuizNapoleon.swift in Sources */,
				F1813D582B36A3F700BD5ACE /* SceneDelegate.swift in Sources */,
				F1813D8F2B36D0AE00BD5ACE /* CreateCell.swift in Sources */,
				F1813D812B36BA5D00BD5ACE /* DetailViewController.swift in Sources */,
				F1813D872B36C68E00BD5ACE /* QuizViewController.swift in Sources */,
				F1442D672B36D9C600266803 /* Card1ViewController.swift in Sources */,
				F1813D7D2B36B4B800BD5ACE /* LevelsViewController.swift in Sources */,
				F1813D7F2B36B50800BD5ACE /* LevelsCell.swift in Sources */,
			);
			runOnlyForDeploymentPostprocessing = 0;
		};
/* End PBXSourcesBuildPhase section */

/* Begin PBXVariantGroup section */
		F1813D602B36A3F800BD5ACE /* LaunchScreen.storyboard */ = {
			isa = PBXVariantGroup;
			children = (
				F1813D612B36A3F800BD5ACE /* Base */,
			);
			name = LaunchScreen.storyboard;
			sourceTree = "<group>";
		};
/* End PBXVariantGroup section */

/* Begin XCBuildConfiguration section */
		F1813D642B36A3F800BD5ACE /* Debug */ = {
			isa = XCBuildConfiguration;
			buildSettings = {
				ALWAYS_SEARCH_USER_PATHS = NO;
				ASSETCATALOG_COMPILER_GENERATE_SWIFT_ASSET_SYMBOL_EXTENSIONS = YES;
				CLANG_ANALYZER_NONNULL = YES;
				CLANG_ANALYZER_NUMBER_OBJECT_CONVERSION = YES_AGGRESSIVE;
				CLANG_CXX_LANGUAGE_STANDARD = "gnu++20";
				CLANG_ENABLE_MODULES = YES;
				CLANG_ENABLE_OBJC_ARC = YES;
				CLANG_ENABLE_OBJC_WEAK = YES;
				CLANG_WARN_BLOCK_CAPTURE_AUTORELEASING = YES;
				CLANG_WARN_BOOL_CONVERSION = YES;
				CLANG_WARN_COMMA = YES;
				CLANG_WARN_CONSTANT_CONVERSION = YES;
				CLANG_WARN_DEPRECATED_OBJC_IMPLEMENTATIONS = YES;
				CLANG_WARN_DIRECT_OBJC_ISA_USAGE = YES_ERROR;
				CLANG_WARN_DOCUMENTATION_COMMENTS = YES;
				CLANG_WARN_EMPTY_BODY = YES;
				CLANG_WARN_ENUM_CONVERSION = YES;
				CLANG_WARN_INFINITE_RECURSION = YES;
				CLANG_WARN_INT_CONVERSION = YES;
				CLANG_WARN_NON_LITERAL_NULL_CONVERSION = YES;
				CLANG_WARN_OBJC_IMPLICIT_RETAIN_SELF = YES;
				CLANG_WARN_OBJC_LITERAL_CONVERSION = YES;
				CLANG_WARN_OBJC_ROOT_CLASS = YES_ERROR;
				CLANG_WARN_QUOTED_INCLUDE_IN_FRAMEWORK_HEADER = YES;
				CLANG_WARN_RANGE_LOOP_ANALYSIS = YES;
				CLANG_WARN_STRICT_PROTOTYPES = YES;
				CLANG_WARN_SUSPICIOUS_MOVE = YES;
				CLANG_WARN_UNGUARDED_AVAILABILITY = YES_AGGRESSIVE;
				CLANG_WARN_UNREACHABLE_CODE = YES;
				CLANG_WARN__DUPLICATE_METHOD_MATCH = YES;
				COPY_PHASE_STRIP = NO;
				DEBUG_INFORMATION_FORMAT = dwarf;
				ENABLE_STRICT_OBJC_MSGSEND = YES;
				ENABLE_TESTABILITY = YES;
				ENABLE_USER_SCRIPT_SANDBOXING = YES;
				GCC_C_LANGUAGE_STANDARD = gnu17;
				GCC_DYNAMIC_NO_PIC = NO;
				GCC_NO_COMMON_BLOCKS = YES;
				GCC_OPTIMIZATION_LEVEL = 0;
				GCC_PREPROCESSOR_DEFINITIONS = (
					"DEBUG=1",
					"$(inherited)",
				);
				GCC_WARN_64_TO_32_BIT_CONVERSION = YES;
				GCC_WARN_ABOUT_RETURN_TYPE = YES_ERROR;
				GCC_WARN_UNDECLARED_SELECTOR = YES;
				GCC_WARN_UNINITIALIZED_AUTOS = YES_AGGRESSIVE;
				GCC_WARN_UNUSED_FUNCTION = YES;
				GCC_WARN_UNUSED_VARIABLE = YES;
				IPHONEOS_DEPLOYMENT_TARGET = 17.0;
				LOCALIZATION_PREFERS_STRING_CATALOGS = YES;
				MTL_ENABLE_DEBUG_INFO = INCLUDE_SOURCE;
				MTL_FAST_MATH = YES;
				ONLY_ACTIVE_ARCH = YES;
				SDKROOT = iphoneos;
				SWIFT_ACTIVE_COMPILATION_CONDITIONS = "DEBUG $(inherited)";
				SWIFT_OPTIMIZATION_LEVEL = "-Onone";
			};
			name = Debug;
		};
		F1813D652B36A3F800BD5ACE /* Release */ = {
			isa = XCBuildConfiguration;
			buildSettings = {
				ALWAYS_SEARCH_USER_PATHS = NO;
				ASSETCATALOG_COMPILER_GENERATE_SWIFT_ASSET_SYMBOL_EXTENSIONS = YES;
				CLANG_ANALYZER_NONNULL = YES;
				CLANG_ANALYZER_NUMBER_OBJECT_CONVERSION = YES_AGGRESSIVE;
				CLANG_CXX_LANGUAGE_STANDARD = "gnu++20";
				CLANG_ENABLE_MODULES = YES;
				CLANG_ENABLE_OBJC_ARC = YES;
				CLANG_ENABLE_OBJC_WEAK = YES;
				CLANG_WARN_BLOCK_CAPTURE_AUTORELEASING = YES;
				CLANG_WARN_BOOL_CONVERSION = YES;
				CLANG_WARN_COMMA = YES;
				CLANG_WARN_CONSTANT_CONVERSION = YES;
				CLANG_WARN_DEPRECATED_OBJC_IMPLEMENTATIONS = YES;
				CLANG_WARN_DIRECT_OBJC_ISA_USAGE = YES_ERROR;
				CLANG_WARN_DOCUMENTATION_COMMENTS = YES;
				CLANG_WARN_EMPTY_BODY = YES;
				CLANG_WARN_ENUM_CONVERSION = YES;
				CLANG_WARN_INFINITE_RECURSION = YES;
				CLANG_WARN_INT_CONVERSION = YES;
				CLANG_WARN_NON_LITERAL_NULL_CONVERSION = YES;
				CLANG_WARN_OBJC_IMPLICIT_RETAIN_SELF = YES;
				CLANG_WARN_OBJC_LITERAL_CONVERSION = YES;
				CLANG_WARN_OBJC_ROOT_CLASS = YES_ERROR;
				CLANG_WARN_QUOTED_INCLUDE_IN_FRAMEWORK_HEADER = YES;
				CLANG_WARN_RANGE_LOOP_ANALYSIS = YES;
				CLANG_WARN_STRICT_PROTOTYPES = YES;
				CLANG_WARN_SUSPICIOUS_MOVE = YES;
				CLANG_WARN_UNGUARDED_AVAILABILITY = YES_AGGRESSIVE;
				CLANG_WARN_UNREACHABLE_CODE = YES;
				CLANG_WARN__DUPLICATE_METHOD_MATCH = YES;
				COPY_PHASE_STRIP = NO;
				DEBUG_INFORMATION_FORMAT = "dwarf-with-dsym";
				ENABLE_NS_ASSERTIONS = NO;
				ENABLE_STRICT_OBJC_MSGSEND = YES;
				ENABLE_USER_SCRIPT_SANDBOXING = YES;
				GCC_C_LANGUAGE_STANDARD = gnu17;
				GCC_NO_COMMON_BLOCKS = YES;
				GCC_WARN_64_TO_32_BIT_CONVERSION = YES;
				GCC_WARN_ABOUT_RETURN_TYPE = YES_ERROR;
				GCC_WARN_UNDECLARED_SELECTOR = YES;
				GCC_WARN_UNINITIALIZED_AUTOS = YES_AGGRESSIVE;
				GCC_WARN_UNUSED_FUNCTION = YES;
				GCC_WARN_UNUSED_VARIABLE = YES;
				IPHONEOS_DEPLOYMENT_TARGET = 17.0;
				LOCALIZATION_PREFERS_STRING_CATALOGS = YES;
				MTL_ENABLE_DEBUG_INFO = NO;
				MTL_FAST_MATH = YES;
				SDKROOT = iphoneos;
				SWIFT_COMPILATION_MODE = wholemodule;
				VALIDATE_PRODUCT = YES;
			};
			name = Release;
		};
		F1813D672B36A3F800BD5ACE /* Debug */ = {
			isa = XCBuildConfiguration;
			buildSettings = {
				ASSETCATALOG_COMPILER_APPICON_NAME = AppIcon;
				ASSETCATALOG_COMPILER_GLOBAL_ACCENT_COLOR_NAME = AccentColor;
				CODE_SIGN_STYLE = Automatic;
				CURRENT_PROJECT_VERSION = 1;
				DEVELOPMENT_TEAM = 66V736J4F3;
				GENERATE_INFOPLIST_FILE = YES;
				INFOPLIST_FILE = NapoleOn/Info.plist;
				INFOPLIST_KEY_UIApplicationSupportsIndirectInputEvents = YES;
				INFOPLIST_KEY_UILaunchStoryboardName = LaunchScreen;
				INFOPLIST_KEY_UISupportedInterfaceOrientations_iPad = "UIInterfaceOrientationPortrait UIInterfaceOrientationPortraitUpsideDown UIInterfaceOrientationLandscapeLeft UIInterfaceOrientationLandscapeRight";
				INFOPLIST_KEY_UISupportedInterfaceOrientations_iPhone = "UIInterfaceOrientationPortrait UIInterfaceOrientationLandscapeLeft UIInterfaceOrientationLandscapeRight";
				LD_RUNPATH_SEARCH_PATHS = (
					"$(inherited)",
					"@executable_path/Frameworks",
				);
				MARKETING_VERSION = 1.0;
				PRODUCT_BUNDLE_IDENTIFIER = com.example.NapoleOn;
				PRODUCT_NAME = "$(TARGET_NAME)";
				SWIFT_EMIT_LOC_STRINGS = YES;
				SWIFT_VERSION = 5.0;
				TARGETED_DEVICE_FAMILY = "1,2";
			};
			name = Debug;
		};
		F1813D682B36A3F800BD5ACE /* Release */ = {
			isa = XCBuildConfiguration;
			buildSettings = {
				ASSETCATALOG_COMPILER_APPICON_NAME = AppIcon;
				ASSETCATALOG_COMPILER_GLOBAL_ACCENT_COLOR_NAME = AccentColor;
				CODE_SIGN_STYLE = Automatic;
				CURRENT_PROJECT_VERSION = 1;
				DEVELOPMENT_TEAM = 66V736J4F3;
				GENERATE_INFOPLIST_FILE = YES;
				INFOPLIST_FILE = NapoleOn/Info.plist;
				INFOPLIST_KEY_UIApplicationSupportsIndirectInputEvents = YES;
				INFOPLIST_KEY_UILaunchStoryboardName = LaunchScreen;
				INFOPLIST_KEY_UISupportedInterfaceOrientations_iPad = "UIInterfaceOrientationPortrait UIInterfaceOrientationPortraitUpsideDown UIInterfaceOrientationLandscapeLeft UIInterfaceOrientationLandscapeRight";
				INFOPLIST_KEY_UISupportedInterfaceOrientations_iPhone = "UIInterfaceOrientationPortrait UIInterfaceOrientationLandscapeLeft UIInterfaceOrientationLandscapeRight";
				LD_RUNPATH_SEARCH_PATHS = (
					"$(inherited)",
					"@executable_path/Frameworks",
				);
				MARKETING_VERSION = 1.0;
				PRODUCT_BUNDLE_IDENTIFIER = com.example.NapoleOn;
				PRODUCT_NAME = "$(TARGET_NAME)";
				SWIFT_EMIT_LOC_STRINGS = YES;
				SWIFT_VERSION = 5.0;
				TARGETED_DEVICE_FAMILY = "1,2";
			};
			name = Release;
		};
/* End XCBuildConfiguration section */

/* Begin XCConfigurationList section */
		F1813D4D2B36A3F600BD5ACE /* Build configuration list for PBXProject "NapoleOn" */ = {
			isa = XCConfigurationList;
			buildConfigurations = (
				F1813D642B36A3F800BD5ACE /* Debug */,
				F1813D652B36A3F800BD5ACE /* Release */,
			);
			defaultConfigurationIsVisible = 0;
			defaultConfigurationName = Release;
		};
		F1813D662B36A3F800BD5ACE /* Build configuration list for PBXNativeTarget "NapoleOn" */ = {
			isa = XCConfigurationList;
			buildConfigurations = (
				F1813D672B36A3F800BD5ACE /* Debug */,
				F1813D682B36A3F800BD5ACE /* Release */,
			);
			defaultConfigurationIsVisible = 0;
			defaultConfigurationName = Release;
		};
/* End XCConfigurationList section */
	};
	rootObject = F1813D4A2B36A3F600BD5ACE /* Project object */;
}
